// !$*UTF8*$!
{
	archiveVersion = 1;
	classes = {
	};
	objectVersion = 46;
	objects = {

/* Begin PBXBuildFile section */
		5622111D1B620DB800B2AD4F /* main.m in Sources */ = {isa = PBXBuildFile; fileRef = 5622111C1B620DB800B2AD4F /* main.m */; };
		562211201B620DB800B2AD4F /* MGJAppDelegate.m in Sources */ = {isa = PBXBuildFile; fileRef = 5622111F1B620DB800B2AD4F /* MGJAppDelegate.m */; };
		562211231B620DB800B2AD4F /* MGJRootViewController.m in Sources */ = {isa = PBXBuildFile; fileRef = 562211221B620DB800B2AD4F /* MGJRootViewController.m */; };
		562211261B620DB800B2AD4F /* Main.storyboard in Resources */ = {isa = PBXBuildFile; fileRef = 562211241B620DB800B2AD4F /* Main.storyboard */; };
		562211281B620DB800B2AD4F /* Images.xcassets in Resources */ = {isa = PBXBuildFile; fileRef = 562211271B620DB800B2AD4F /* Images.xcassets */; };
		5622112B1B620DB800B2AD4F /* LaunchScreen.xib in Resources */ = {isa = PBXBuildFile; fileRef = 562211291B620DB800B2AD4F /* LaunchScreen.xib */; };
		562211371B620DB800B2AD4F /* MGJGifAnimationTests.m in Sources */ = {isa = PBXBuildFile; fileRef = 562211361B620DB800B2AD4F /* MGJGifAnimationTests.m */; };
		562211431B62237300B2AD4F /* MGJAnimatedImage.m in Sources */ = {isa = PBXBuildFile; fileRef = 562211421B62237300B2AD4F /* MGJAnimatedImage.m */; };
		562211441B62237300B2AD4F /* MGJAnimatedImage.m in Sources */ = {isa = PBXBuildFile; fileRef = 562211421B62237300B2AD4F /* MGJAnimatedImage.m */; };
		562211471B62238A00B2AD4F /* MGJAnimatedImageView.m in Sources */ = {isa = PBXBuildFile; fileRef = 562211461B62238A00B2AD4F /* MGJAnimatedImageView.m */; };
		562211481B62238A00B2AD4F /* MGJAnimatedImageView.m in Sources */ = {isa = PBXBuildFile; fileRef = 562211461B62238A00B2AD4F /* MGJAnimatedImageView.m */; };
		5622114F1B62256800B2AD4F /* QuartzCore.framework in Frameworks */ = {isa = PBXBuildFile; fileRef = 5622114E1B62256800B2AD4F /* QuartzCore.framework */; };
		562211501B62257D00B2AD4F /* ImageIO.framework in Frameworks */ = {isa = PBXBuildFile; fileRef = 562211491B6224F800B2AD4F /* ImageIO.framework */; };
		562211511B62258500B2AD4F /* CoreGraphics.framework in Frameworks */ = {isa = PBXBuildFile; fileRef = 5622114B1B62250B00B2AD4F /* CoreGraphics.framework */; };
/* End PBXBuildFile section */

/* Begin PBXContainerItemProxy section */
		562211311B620DB800B2AD4F /* PBXContainerItemProxy */ = {
			isa = PBXContainerItemProxy;
			containerPortal = 5622110F1B620DB800B2AD4F /* Project object */;
			proxyType = 1;
			remoteGlobalIDString = 562211161B620DB800B2AD4F;
			remoteInfo = MGJGifAnimation;
		};
/* End PBXContainerItemProxy section */

/* Begin PBXFileReference section */
		562211171B620DB800B2AD4F /* MGJGifAnimation.app */ = {isa = PBXFileReference; explicitFileType = wrapper.application; includeInIndex = 0; path = MGJGifAnimation.app; sourceTree = BUILT_PRODUCTS_DIR; };
		5622111B1B620DB800B2AD4F /* Info.plist */ = {isa = PBXFileReference; lastKnownFileType = text.plist.xml; path = Info.plist; sourceTree = "<group>"; };
		5622111C1B620DB800B2AD4F /* main.m */ = {isa = PBXFileReference; lastKnownFileType = sourcecode.c.objc; path = main.m; sourceTree = "<group>"; };
		5622111E1B620DB800B2AD4F /* MGJAppDelegate.h */ = {isa = PBXFileReference; lastKnownFileType = sourcecode.c.h; path = MGJAppDelegate.h; sourceTree = "<group>"; };
		5622111F1B620DB800B2AD4F /* MGJAppDelegate.m */ = {isa = PBXFileReference; lastKnownFileType = sourcecode.c.objc; path = MGJAppDelegate.m; sourceTree = "<group>"; };
		562211211B620DB800B2AD4F /* MGJRootViewController.h */ = {isa = PBXFileReference; lastKnownFileType = sourcecode.c.h; path = MGJRootViewController.h; sourceTree = "<group>"; };
		562211221B620DB800B2AD4F /* MGJRootViewController.m */ = {isa = PBXFileReference; lastKnownFileType = sourcecode.c.objc; path = MGJRootViewController.m; sourceTree = "<group>"; };
		562211251B620DB800B2AD4F /* Base */ = {isa = PBXFileReference; lastKnownFileType = file.storyboard; name = Base; path = Base.lproj/Main.storyboard; sourceTree = "<group>"; };
		562211271B620DB800B2AD4F /* Images.xcassets */ = {isa = PBXFileReference; lastKnownFileType = folder.assetcatalog; path = Images.xcassets; sourceTree = "<group>"; };
		5622112A1B620DB800B2AD4F /* Base */ = {isa = PBXFileReference; lastKnownFileType = file.xib; name = Base; path = Base.lproj/LaunchScreen.xib; sourceTree = "<group>"; };
		562211301B620DB800B2AD4F /* MGJGifAnimationTests.xctest */ = {isa = PBXFileReference; explicitFileType = wrapper.cfbundle; includeInIndex = 0; path = MGJGifAnimationTests.xctest; sourceTree = BUILT_PRODUCTS_DIR; };
		562211351B620DB800B2AD4F /* Info.plist */ = {isa = PBXFileReference; lastKnownFileType = text.plist.xml; path = Info.plist; sourceTree = "<group>"; };
		562211361B620DB800B2AD4F /* MGJGifAnimationTests.m */ = {isa = PBXFileReference; lastKnownFileType = sourcecode.c.objc; path = MGJGifAnimationTests.m; sourceTree = "<group>"; };
		562211411B62237300B2AD4F /* MGJAnimatedImage.h */ = {isa = PBXFileReference; fileEncoding = 4; lastKnownFileType = sourcecode.c.h; path = MGJAnimatedImage.h; sourceTree = "<group>"; };
		562211421B62237300B2AD4F /* MGJAnimatedImage.m */ = {isa = PBXFileReference; fileEncoding = 4; lastKnownFileType = sourcecode.c.objc; path = MGJAnimatedImage.m; sourceTree = "<group>"; };
		562211451B62238A00B2AD4F /* MGJAnimatedImageView.h */ = {isa = PBXFileReference; fileEncoding = 4; lastKnownFileType = sourcecode.c.h; path = MGJAnimatedImageView.h; sourceTree = "<group>"; };
		562211461B62238A00B2AD4F /* MGJAnimatedImageView.m */ = {isa = PBXFileReference; fileEncoding = 4; lastKnownFileType = sourcecode.c.objc; path = MGJAnimatedImageView.m; sourceTree = "<group>"; };
		562211491B6224F800B2AD4F /* ImageIO.framework */ = {isa = PBXFileReference; lastKnownFileType = wrapper.framework; name = ImageIO.framework; path = System/Library/Frameworks/ImageIO.framework; sourceTree = SDKROOT; };
		5622114B1B62250B00B2AD4F /* CoreGraphics.framework */ = {isa = PBXFileReference; lastKnownFileType = wrapper.framework; name = CoreGraphics.framework; path = System/Library/Frameworks/CoreGraphics.framework; sourceTree = SDKROOT; };
		5622114E1B62256800B2AD4F /* QuartzCore.framework */ = {isa = PBXFileReference; lastKnownFileType = wrapper.framework; name = QuartzCore.framework; path = System/Library/Frameworks/QuartzCore.framework; sourceTree = SDKROOT; };
/* End PBXFileReference section */

/* Begin PBXFrameworksBuildPhase section */
		562211141B620DB800B2AD4F /* Frameworks */ = {
			isa = PBXFrameworksBuildPhase;
			buildActionMask = 2147483647;
			files = (
				562211511B62258500B2AD4F /* CoreGraphics.framework in Frameworks */,
				562211501B62257D00B2AD4F /* ImageIO.framework in Frameworks */,
				5622114F1B62256800B2AD4F /* QuartzCore.framework in Frameworks */,
			);
			runOnlyForDeploymentPostprocessing = 0;
		};
		5622112D1B620DB800B2AD4F /* Frameworks */ = {
			isa = PBXFrameworksBuildPhase;
			buildActionMask = 2147483647;
			files = (
			);
			runOnlyForDeploymentPostprocessing = 0;
		};
/* End PBXFrameworksBuildPhase section */

/* Begin PBXGroup section */
		5622110E1B620DB800B2AD4F = {
			isa = PBXGroup;
			children = (
				5622114D1B62255100B2AD4F /* Frameworks */,
				562211191B620DB800B2AD4F /* MGJGifAnimation */,
				562211331B620DB800B2AD4F /* MGJGifAnimationTests */,
				562211181B620DB800B2AD4F /* Products */,
			);
			sourceTree = "<group>";
		};
		562211181B620DB800B2AD4F /* Products */ = {
			isa = PBXGroup;
			children = (
				562211171B620DB800B2AD4F /* MGJGifAnimation.app */,
				562211301B620DB800B2AD4F /* MGJGifAnimationTests.xctest */,
			);
			name = Products;
			sourceTree = "<group>";
		};
		562211191B620DB800B2AD4F /* MGJGifAnimation */ = {
			isa = PBXGroup;
			children = (
				562211401B620DE900B2AD4F /* GifAnimation */,
				5622111E1B620DB800B2AD4F /* MGJAppDelegate.h */,
				5622111F1B620DB800B2AD4F /* MGJAppDelegate.m */,
				562211211B620DB800B2AD4F /* MGJRootViewController.h */,
				562211221B620DB800B2AD4F /* MGJRootViewController.m */,
				562211241B620DB800B2AD4F /* Main.storyboard */,
				562211271B620DB800B2AD4F /* Images.xcassets */,
				562211291B620DB800B2AD4F /* LaunchScreen.xib */,
				5622111A1B620DB800B2AD4F /* Supporting Files */,
			);
			path = MGJGifAnimation;
			sourceTree = "<group>";
		};
		5622111A1B620DB800B2AD4F /* Supporting Files */ = {
			isa = PBXGroup;
			children = (
				5622111B1B620DB800B2AD4F /* Info.plist */,
				5622111C1B620DB800B2AD4F /* main.m */,
			);
			name = "Supporting Files";
			sourceTree = "<group>";
		};
		562211331B620DB800B2AD4F /* MGJGifAnimationTests */ = {
			isa = PBXGroup;
			children = (
				562211361B620DB800B2AD4F /* MGJGifAnimationTests.m */,
				562211341B620DB800B2AD4F /* Supporting Files */,
			);
			path = MGJGifAnimationTests;
			sourceTree = "<group>";
		};
		562211341B620DB800B2AD4F /* Supporting Files */ = {
			isa = PBXGroup;
			children = (
				562211351B620DB800B2AD4F /* Info.plist */,
			);
			name = "Supporting Files";
			sourceTree = "<group>";
		};
		562211401B620DE900B2AD4F /* GifAnimation */ = {
			isa = PBXGroup;
			children = (
				562211411B62237300B2AD4F /* MGJAnimatedImage.h */,
				562211421B62237300B2AD4F /* MGJAnimatedImage.m */,
				562211451B62238A00B2AD4F /* MGJAnimatedImageView.h */,
				562211461B62238A00B2AD4F /* MGJAnimatedImageView.m */,
			);
			path = GifAnimation;
			sourceTree = "<group>";
		};
		5622114D1B62255100B2AD4F /* Frameworks */ = {
			isa = PBXGroup;
			children = (
				5622114E1B62256800B2AD4F /* QuartzCore.framework */,
				5622114B1B62250B00B2AD4F /* CoreGraphics.framework */,
				562211491B6224F800B2AD4F /* ImageIO.framework */,
			);
			name = Frameworks;
			path = MGJGifAnimation/Frameworks;
			sourceTree = "<group>";
		};
/* End PBXGroup section */

/* Begin PBXNativeTarget section */
		562211161B620DB800B2AD4F /* MGJGifAnimation */ = {
			isa = PBXNativeTarget;
			buildConfigurationList = 5622113A1B620DB800B2AD4F /* Build configuration list for PBXNativeTarget "MGJGifAnimation" */;
			buildPhases = (
				562211131B620DB800B2AD4F /* Sources */,
				562211141B620DB800B2AD4F /* Frameworks */,
				562211151B620DB800B2AD4F /* Resources */,
			);
			buildRules = (
			);
			dependencies = (
			);
			name = MGJGifAnimation;
			productName = MGJGifAnimation;
			productReference = 562211171B620DB800B2AD4F /* MGJGifAnimation.app */;
			productType = "com.apple.product-type.application";
		};
		5622112F1B620DB800B2AD4F /* MGJGifAnimationTests */ = {
			isa = PBXNativeTarget;
			buildConfigurationList = 5622113D1B620DB800B2AD4F /* Build configuration list for PBXNativeTarget "MGJGifAnimationTests" */;
			buildPhases = (
				5622112C1B620DB800B2AD4F /* Sources */,
				5622112D1B620DB800B2AD4F /* Frameworks */,
				5622112E1B620DB800B2AD4F /* Resources */,
			);
			buildRules = (
			);
			dependencies = (
				562211321B620DB800B2AD4F /* PBXTargetDependency */,
			);
			name = MGJGifAnimationTests;
			productName = MGJGifAnimationTests;
			productReference = 562211301B620DB800B2AD4F /* MGJGifAnimationTests.xctest */;
			productType = "com.apple.product-type.bundle.unit-test";
		};
/* End PBXNativeTarget section */

/* Begin PBXProject section */
		5622110F1B620DB800B2AD4F /* Project object */ = {
			isa = PBXProject;
			attributes = {
				LastUpgradeCheck = 0640;
				ORGANIZATIONNAME = MGJ;
				TargetAttributes = {
					562211161B620DB800B2AD4F = {
						CreatedOnToolsVersion = 6.4;
					};
					5622112F1B620DB800B2AD4F = {
						CreatedOnToolsVersion = 6.4;
						TestTargetID = 562211161B620DB800B2AD4F;
					};
				};
			};
			buildConfigurationList = 562211121B620DB800B2AD4F /* Build configuration list for PBXProject "MGJGifAnimation" */;
			compatibilityVersion = "Xcode 3.2";
			developmentRegion = English;
			hasScannedForEncodings = 0;
			knownRegions = (
				en,
				Base,
			);
			mainGroup = 5622110E1B620DB800B2AD4F;
			productRefGroup = 562211181B620DB800B2AD4F /* Products */;
			projectDirPath = "";
			projectRoot = "";
			targets = (
				562211161B620DB800B2AD4F /* MGJGifAnimation */,
				5622112F1B620DB800B2AD4F /* MGJGifAnimationTests */,
			);
		};
/* End PBXProject section */

/* Begin PBXResourcesBuildPhase section */
		562211151B620DB800B2AD4F /* Resources */ = {
			isa = PBXResourcesBuildPhase;
			buildActionMask = 2147483647;
			files = (
				562211261B620DB800B2AD4F /* Main.storyboard in Resources */,
				5622112B1B620DB800B2AD4F /* LaunchScreen.xib in Resources */,
				562211281B620DB800B2AD4F /* Images.xcassets in Resources */,
			);
			runOnlyForDeploymentPostprocessing = 0;
		};
		5622112E1B620DB800B2AD4F /* Resources */ = {
			isa = PBXResourcesBuildPhase;
			buildActionMask = 2147483647;
			files = (
			);
			runOnlyForDeploymentPostprocessing = 0;
		};
/* End PBXResourcesBuildPhase section */

/* Begin PBXSourcesBuildPhase section */
		562211131B620DB800B2AD4F /* Sources */ = {
			isa = PBXSourcesBuildPhase;
			buildActionMask = 2147483647;
			files = (
				562211471B62238A00B2AD4F /* MGJAnimatedImageView.m in Sources */,
				562211231B620DB800B2AD4F /* MGJRootViewController.m in Sources */,
				562211431B62237300B2AD4F /* MGJAnimatedImage.m in Sources */,
				562211201B620DB800B2AD4F /* MGJAppDelegate.m in Sources */,
				5622111D1B620DB800B2AD4F /* main.m in Sources */,
			);
			runOnlyForDeploymentPostprocessing = 0;
		};
		5622112C1B620DB800B2AD4F /* Sources */ = {
			isa = PBXSourcesBuildPhase;
			buildActionMask = 2147483647;
			files = (
				562211481B62238A00B2AD4F /* MGJAnimatedImageView.m in Sources */,
				562211371B620DB800B2AD4F /* MGJGifAnimationTests.m in Sources */,
				562211441B62237300B2AD4F /* MGJAnimatedImage.m in Sources */,
			);
			runOnlyForDeploymentPostprocessing = 0;
		};
/* End PBXSourcesBuildPhase section */

/* Begin PBXTargetDependency section */
		562211321B620DB800B2AD4F /* PBXTargetDependency */ = {
			isa = PBXTargetDependency;
			target = 562211161B620DB800B2AD4F /* MGJGifAnimation */;
			targetProxy = 562211311B620DB800B2AD4F /* PBXContainerItemProxy */;
		};
/* End PBXTargetDependency section */

/* Begin PBXVariantGroup section */
		562211241B620DB800B2AD4F /* Main.storyboard */ = {
			isa = PBXVariantGroup;
			children = (
				562211251B620DB800B2AD4F /* Base */,
			);
			name = Main.storyboard;
			sourceTree = "<group>";
		};
		562211291B620DB800B2AD4F /* LaunchScreen.xib */ = {
			isa = PBXVariantGroup;
			children = (
				5622112A1B620DB800B2AD4F /* Base */,
			);
			name = LaunchScreen.xib;
			sourceTree = "<group>";
		};
/* End PBXVariantGroup section */

/* Begin XCBuildConfiguration section */
		562211381B620DB800B2AD4F /* Debug */ = {
			isa = XCBuildConfiguration;
			buildSettings = {
				ALWAYS_SEARCH_USER_PATHS = NO;
				CLANG_CXX_LANGUAGE_STANDARD = "gnu++0x";
				CLANG_CXX_LIBRARY = "libc++";
				CLANG_ENABLE_MODULES = YES;
				CLANG_ENABLE_OBJC_ARC = YES;
				CLANG_WARN_BOOL_CONVERSION = YES;
				CLANG_WARN_CONSTANT_CONVERSION = YES;
				CLANG_WARN_DIRECT_OBJC_ISA_USAGE = YES_ERROR;
				CLANG_WARN_EMPTY_BODY = YES;
				CLANG_WARN_ENUM_CONVERSION = YES;
				CLANG_WARN_INT_CONVERSION = YES;
				CLANG_WARN_OBJC_ROOT_CLASS = YES_ERROR;
				CLANG_WARN_UNREACHABLE_CODE = YES;
				CLANG_WARN__DUPLICATE_METHOD_MATCH = YES;
				"CODE_SIGN_IDENTITY[sdk=iphoneos*]" = "iPhone Developer";
				COPY_PHASE_STRIP = NO;
				DEBUG_INFORMATION_FORMAT = "dwarf-with-dsym";
				ENABLE_STRICT_OBJC_MSGSEND = YES;
				GCC_C_LANGUAGE_STANDARD = gnu99;
				GCC_DYNAMIC_NO_PIC = NO;
				GCC_NO_COMMON_BLOCKS = YES;
				GCC_OPTIMIZATION_LEVEL = 0;
				GCC_PREPROCESSOR_DEFINITIONS = (
					"DEBUG=1",
					"$(inherited)",
				);
				GCC_SYMBOLS_PRIVATE_EXTERN = NO;
				GCC_WARN_64_TO_32_BIT_CONVERSION = YES;
				GCC_WARN_ABOUT_RETURN_TYPE = YES_ERROR;
				GCC_WARN_UNDECLARED_SELECTOR = YES;
				GCC_WARN_UNINITIALIZED_AUTOS = YES_AGGRESSIVE;
				GCC_WARN_UNUSED_FUNCTION = YES;
				GCC_WARN_UNUSED_VARIABLE = YES;
				IPHONEOS_DEPLOYMENT_TARGET = 8.4;
				MTL_ENABLE_DEBUG_INFO = YES;
				ONLY_ACTIVE_ARCH = YES;
				SDKROOT = iphoneos;
				TARGETED_DEVICE_FAMILY = "1,2";
			};
			name = Debug;
		};
		562211391B620DB800B2AD4F /* Release */ = {
			isa = XCBuildConfiguration;
			buildSettings = {
				ALWAYS_SEARCH_USER_PATHS = NO;
				CLANG_CXX_LANGUAGE_STANDARD = "gnu++0x";
				CLANG_CXX_LIBRARY = "libc++";
				CLANG_ENABLE_MODULES = YES;
				CLANG_ENABLE_OBJC_ARC = YES;
				CLANG_WARN_BOOL_CONVERSION = YES;
				CLANG_WARN_CONSTANT_CONVERSION = YES;
				CLANG_WARN_DIRECT_OBJC_ISA_USAGE = YES_ERROR;
				CLANG_WARN_EMPTY_BODY = YES;
				CLANG_WARN_ENUM_CONVERSION = YES;
				CLANG_WARN_INT_CONVERSION = YES;
				CLANG_WARN_OBJC_ROOT_CLASS = YES_ERROR;
				CLANG_WARN_UNREACHABLE_CODE = YES;
				CLANG_WARN__DUPLICATE_METHOD_MATCH = YES;
				"CODE_SIGN_IDENTITY[sdk=iphoneos*]" = "iPhone Developer";
				COPY_PHASE_STRIP = NO;
				DEBUG_INFORMATION_FORMAT = "dwarf-with-dsym";
				ENABLE_NS_ASSERTIONS = NO;
				ENABLE_STRICT_OBJC_MSGSEND = YES;
				GCC_C_LANGUAGE_STANDARD = gnu99;
				GCC_NO_COMMON_BLOCKS = YES;
				GCC_WARN_64_TO_32_BIT_CONVERSION = YES;
				GCC_WARN_ABOUT_RETURN_TYPE = YES_ERROR;
				GCC_WARN_UNDECLARED_SELECTOR = YES;
				GCC_WARN_UNINITIALIZED_AUTOS = YES_AGGRESSIVE;
				GCC_WARN_UNUSED_FUNCTION = YES;
				GCC_WARN_UNUSED_VARIABLE = YES;
				IPHONEOS_DEPLOYMENT_TARGET = 8.4;
				MTL_ENABLE_DEBUG_INFO = NO;
				SDKROOT = iphoneos;
				TARGETED_DEVICE_FAMILY = "1,2";
				VALIDATE_PRODUCT = YES;
			};
			name = Release;
		};
		5622113B1B620DB800B2AD4F /* Debug */ = {
			isa = XCBuildConfiguration;
			buildSettings = {
				ASSETCATALOG_COMPILER_APPICON_NAME = AppIcon;
				INFOPLIST_FILE = MGJGifAnimation/Info.plist;
				LD_RUNPATH_SEARCH_PATHS = "$(inherited) @executable_path/Frameworks";
				PRODUCT_NAME = "$(TARGET_NAME)";
			};
			name = Debug;
		};
		5622113C1B620DB800B2AD4F /* Release */ = {
			isa = XCBuildConfiguration;
			buildSettings = {
				ASSETCATALOG_COMPILER_APPICON_NAME = AppIcon;
				INFOPLIST_FILE = MGJGifAnimation/Info.plist;
				LD_RUNPATH_SEARCH_PATHS = "$(inherited) @executable_path/Frameworks";
				PRODUCT_NAME = "$(TARGET_NAME)";
			};
			name = Release;
		};
		5622113E1B620DB800B2AD4F /* Debug */ = {
			isa = XCBuildConfiguration;
			buildSettings = {
				BUNDLE_LOADER = "$(TEST_HOST)";
				FRAMEWORK_SEARCH_PATHS = (
					"$(SDKROOT)/Developer/Library/Frameworks",
					"$(inherited)",
				);
				GCC_PREPROCESSOR_DEFINITIONS = (
					"DEBUG=1",
					"$(inherited)",
				);
				INFOPLIST_FILE = MGJGifAnimationTests/Info.plist;
				LD_RUNPATH_SEARCH_PATHS = "$(inherited) @executable_path/Frameworks @loader_path/Frameworks";
				PRODUCT_NAME = "$(TARGET_NAME)";
				TEST_HOST = "$(BUILT_PRODUCTS_DIR)/MGJGifAnimation.app/MGJGifAnimation";
			};
			name = Debug;
		};
		5622113F1B620DB800B2AD4F /* Release */ = {
			isa = XCBuildConfiguration;
			buildSettings = {
				BUNDLE_LOADER = "$(TEST_HOST)";
				FRAMEWORK_SEARCH_PATHS = (
					"$(SDKROOT)/Developer/Library/Frameworks",
					"$(inherited)",
				);
				INFOPLIST_FILE = MGJGifAnimationTests/Info.plist;
				LD_RUNPATH_SEARCH_PATHS = "$(inherited) @executable_path/Frameworks @loader_path/Frameworks";
				PRODUCT_NAME = "$(TARGET_NAME)";
				TEST_HOST = "$(BUILT_PRODUCTS_DIR)/MGJGifAnimation.app/MGJGifAnimation";
			};
			name = Release;
		};
/* End XCBuildConfiguration section */

/* Begin XCConfigurationList section */
		562211121B620DB800B2AD4F /* Build configuration list for PBXProject "MGJGifAnimation" */ = {
			isa = XCConfigurationList;
			buildConfigurations = (
				562211381B620DB800B2AD4F /* Debug */,
				562211391B620DB800B2AD4F /* Release */,
			);
			defaultConfigurationIsVisible = 0;
			defaultConfigurationName = Release;
		};
		5622113A1B620DB800B2AD4F /* Build configuration list for PBXNativeTarget "MGJGifAnimation" */ = {
			isa = XCConfigurationList;
			buildConfigurations = (
				5622113B1B620DB800B2AD4F /* Debug */,
				5622113C1B620DB800B2AD4F /* Release */,
			);
			defaultConfigurationIsVisible = 0;
		};
		5622113D1B620DB800B2AD4F /* Build configuration list for PBXNativeTarget "MGJGifAnimationTests" */ = {
			isa = XCConfigurationList;
			buildConfigurations = (
				5622113E1B620DB800B2AD4F /* Debug */,
				5622113F1B620DB800B2AD4F /* Release */,
			);
			defaultConfigurationIsVisible = 0;
		};
/* End XCConfigurationList section */
	};
	rootObject = 5622110F1B620DB800B2AD4F /* Project object */;
}
